
Microsoft Visual Studio Solution File, Format Version 12.00
# Visual Studio 15
VisualStudioVersion = 15.0.25807.0
MinimumVisualStudioVersion = 10.0.40219.1
Project("{2150E333-8FDC-42A3-9474-1A3956D46DE8}") = "Engine", "Engine", "{FF7C1843-7D82-4900-AA0B-D0AC5130958D}"
EndProject
Project("{2150E333-8FDC-42A3-9474-1A3956D46DE8}") = "Games", "Games", "{4560056A-96CE-42A3-8F23-DFC16BEA6B32}"
EndProject
Project("{8BC9CEB8-8B4A-11D0-8D11-00A0C91BC942}") = "UE4", "Intermediate\ProjectFiles\UE4.vcxproj", "{3AD1E775-52E2-4E7F-BE5D-7BC56F1EE6A4}"
EndProject
Project("{8BC9CEB8-8B4A-11D0-8D11-00A0C91BC942}") = "BuildingEscape", "Intermediate\ProjectFiles\BuildingEscape.vcxproj", "{8B13CBCD-0793-41E5-A7AD-C07BB23696DF}"
EndProject
Global
	GlobalSection(SolutionConfigurationPlatforms) = preSolution
		DebugGame Editor|HTML5 = DebugGame Editor|HTML5
		DebugGame Editor|Win32 = DebugGame Editor|Win32
		DebugGame Editor|Win64 = DebugGame Editor|Win64
		DebugGame|HTML5 = DebugGame|HTML5
		DebugGame|Win32 = DebugGame|Win32
		DebugGame|Win64 = DebugGame|Win64
		Development Editor|HTML5 = Development Editor|HTML5
		Development Editor|Win32 = Development Editor|Win32
		Development Editor|Win64 = Development Editor|Win64
		Development|HTML5 = Development|HTML5
		Development|Win32 = Development|Win32
		Development|Win64 = Development|Win64
		Shipping|HTML5 = Shipping|HTML5
		Shipping|Win32 = Shipping|Win32
		Shipping|Win64 = Shipping|Win64
	EndGlobalSection
	GlobalSection(ProjectConfigurationPlatforms) = postSolution
		{8B13CBCD-0793-41E5-A7AD-C07BB23696DF}.DebugGame Editor|HTML5.ActiveCfg = HTML5_DebugGame_Editor|Win32
		{8B13CBCD-0793-41E5-A7AD-C07BB23696DF}.DebugGame Editor|Win32.ActiveCfg = DebugGame_Editor|Win32
		{8B13CBCD-0793-41E5-A7AD-C07BB23696DF}.DebugGame Editor|Win64.ActiveCfg = DebugGame_Editor|x64
		{8B13CBCD-0793-41E5-A7AD-C07BB23696DF}.DebugGame Editor|Win64.Build.0 = DebugGame_Editor|x64
		{8B13CBCD-0793-41E5-A7AD-C07BB23696DF}.DebugGame|HTML5.ActiveCfg = HTML5_DebugGame_Game|Win32
		{8B13CBCD-0793-41E5-A7AD-C07BB23696DF}.DebugGame|HTML5.Build.0 = HTML5_DebugGame_Game|Win32
		{8B13CBCD-0793-41E5-A7AD-C07BB23696DF}.DebugGame|Win32.ActiveCfg = DebugGame_Game|Win32
		{8B13CBCD-0793-41E5-A7AD-C07BB23696DF}.DebugGame|Win32.Build.0 = DebugGame_Game|Win32
		{8B13CBCD-0793-41E5-A7AD-C07BB23696DF}.DebugGame|Win64.ActiveCfg = DebugGame_Game|x64
		{8B13CBCD-0793-41E5-A7AD-C07BB23696DF}.DebugGame|Win64.Build.0 = DebugGame_Game|x64
		{8B13CBCD-0793-41E5-A7AD-C07BB23696DF}.Development Editor|HTML5.ActiveCfg = HTML5_Development_Editor|Win32
		{8B13CBCD-0793-41E5-A7AD-C07BB23696DF}.Development Editor|Win32.ActiveCfg = Development_Editor|Win32
		{8B13CBCD-0793-41E5-A7AD-C07BB23696DF}.Development Editor|Win64.ActiveCfg = Development_Editor|x64
		{8B13CBCD-0793-41E5-A7AD-C07BB23696DF}.Development Editor|Win64.Build.0 = Development_Editor|x64
		{8B13CBCD-0793-41E5-A7AD-C07BB23696DF}.Development|HTML5.ActiveCfg = HTML5_Development_Game|Win32
		{8B13CBCD-0793-41E5-A7AD-C07BB23696DF}.Development|HTML5.Build.0 = HTML5_Development_Game|Win32
		{8B13CBCD-0793-41E5-A7AD-C07BB23696DF}.Development|Win32.ActiveCfg = Development_Game|Win32
		{8B13CBCD-0793-41E5-A7AD-C07BB23696DF}.Development|Win32.Build.0 = Development_Game|Win32
		{8B13CBCD-0793-41E5-A7AD-C07BB23696DF}.Development|Win64.ActiveCfg = Development_Game|x64
		{8B13CBCD-0793-41E5-A7AD-C07BB23696DF}.Development|Win64.Build.0 = Development_Game|x64
		{8B13CBCD-0793-41E5-A7AD-C07BB23696DF}.Shipping|HTML5.ActiveCfg = HTML5_Shipping_Game|Win32
		{8B13CBCD-0793-41E5-A7AD-C07BB23696DF}.Shipping|HTML5.Build.0 = HTML5_Shipping_Game|Win32
		{8B13CBCD-0793-41E5-A7AD-C07BB23696DF}.Shipping|Win32.ActiveCfg = Shipping_Game|Win32
		{8B13CBCD-0793-41E5-A7AD-C07BB23696DF}.Shipping|Win32.Build.0 = Shipping_Game|Win32
		{8B13CBCD-0793-41E5-A7AD-C07BB23696DF}.Shipping|Win64.ActiveCfg = Shipping_Game|x64
		{8B13CBCD-0793-41E5-A7AD-C07BB23696DF}.Shipping|Win64.Build.0 = Shipping_Game|x64
	EndGlobalSection
	GlobalSection(SolutionProperties) = preSolution
		HideSolutionNode = FALSE
	EndGlobalSection
	GlobalSection(NestedProjects) = preSolution
		{3AD1E775-52E2-4E7F-BE5D-7BC56F1EE6A4} = {FF7C1843-7D82-4900-AA0B-D0AC5130958D}
		{8B13CBCD-0793-41E5-A7AD-C07BB23696DF} = {4560056A-96CE-42A3-8F23-DFC16BEA6B32}
	EndGlobalSection
EndGlobal
